
Microsoft Visual Studio Solution File, Format Version 12.00
# Visual Studio Version 16
VisualStudioVersion = 16.0.31313.381
MinimumVisualStudioVersion = 10.0.40219.1
Project("{9A19103F-16F7-4668-BE54-9A1E7A4F7556}") = "CloudyMobile.API", "src\API\CloudyMobile.API.csproj", "{DBE15BED-DB54-41FC-AE37-8548F0B80F8A}"
EndProject
Project("{9A19103F-16F7-4668-BE54-9A1E7A4F7556}") = "CloudyMobile.Blazor", "src\Blazor\CloudyMobile.Blazor.csproj", "{2E3A02BA-F5BD-477D-AE25-E641D2E8BAFC}"
EndProject
Project("{9A19103F-16F7-4668-BE54-9A1E7A4F7556}") = "CloudyMobile.Domain", "src\Domain\CloudyMobile.Domain.csproj", "{38C4A926-1846-4DF7-957E-6A163E549350}"
EndProject
Project("{2150E333-8FDC-42A3-9474-1A3956D46DE8}") = "src", "src", "{E6900236-6C49-4FCA-86CF-8AFDA532355F}"
EndProject
Project("{9A19103F-16F7-4668-BE54-9A1E7A4F7556}") = "CloudyMobile.Client", "src\Client\CloudyMobile.Client.csproj", "{CAFD1C12-7D17-4C21-B126-09B7F029FCAA}"
EndProject
Project("{9A19103F-16F7-4668-BE54-9A1E7A4F7556}") = "CloudyMobile.Application", "src\Application\CloudyMobile.Application.csproj", "{D194816D-271F-4700-AE05-C40EE4A65552}"
EndProject
Project("{9A19103F-16F7-4668-BE54-9A1E7A4F7556}") = "CloudyMobile.Infrastructure", "src\Infrastructure\CloudyMobile.Infrastructure.csproj", "{0F68E970-DFEE-40B5-9DAC-44661B40D0A4}"
EndProject
Project("{FAE04EC0-301F-11D3-BF4B-00C04F79EFBC}") = "CloudyMobile.Tests", "tests\CloudyMobile.Tests\CloudyMobile.Tests.csproj", "{A5A0421F-37D4-451A-A91F-56B3B57080AC}"
EndProject
Global
	GlobalSection(SolutionConfigurationPlatforms) = preSolution
		Debug|Any CPU = Debug|Any CPU
		Release|Any CPU = Release|Any CPU
	EndGlobalSection
	GlobalSection(ProjectConfigurationPlatforms) = postSolution
		{DBE15BED-DB54-41FC-AE37-8548F0B80F8A}.Debug|Any CPU.ActiveCfg = Debug|Any CPU
		{DBE15BED-DB54-41FC-AE37-8548F0B80F8A}.Debug|Any CPU.Build.0 = Debug|Any CPU
		{DBE15BED-DB54-41FC-AE37-8548F0B80F8A}.Release|Any CPU.ActiveCfg = Release|Any CPU
		{DBE15BED-DB54-41FC-AE37-8548F0B80F8A}.Release|Any CPU.Build.0 = Release|Any CPU
		{2E3A02BA-F5BD-477D-AE25-E641D2E8BAFC}.Debug|Any CPU.ActiveCfg = Debug|Any CPU
		{2E3A02BA-F5BD-477D-AE25-E641D2E8BAFC}.Debug|Any CPU.Build.0 = Debug|Any CPU
		{2E3A02BA-F5BD-477D-AE25-E641D2E8BAFC}.Release|Any CPU.ActiveCfg = Release|Any CPU
		{2E3A02BA-F5BD-477D-AE25-E641D2E8BAFC}.Release|Any CPU.Build.0 = Release|Any CPU
		{38C4A926-1846-4DF7-957E-6A163E549350}.Debug|Any CPU.ActiveCfg = Debug|Any CPU
		{38C4A926-1846-4DF7-957E-6A163E549350}.Debug|Any CPU.Build.0 = Debug|Any CPU
		{38C4A926-1846-4DF7-957E-6A163E549350}.Release|Any CPU.ActiveCfg = Release|Any CPU
		{38C4A926-1846-4DF7-957E-6A163E549350}.Release|Any CPU.Build.0 = Release|Any CPU
		{CAFD1C12-7D17-4C21-B126-09B7F029FCAA}.Debug|Any CPU.ActiveCfg = Debug|Any CPU
		{CAFD1C12-7D17-4C21-B126-09B7F029FCAA}.Debug|Any CPU.Build.0 = Debug|Any CPU
		{CAFD1C12-7D17-4C21-B126-09B7F029FCAA}.Release|Any CPU.ActiveCfg = Release|Any CPU
		{CAFD1C12-7D17-4C21-B126-09B7F029FCAA}.Release|Any CPU.Build.0 = Release|Any CPU
		{D194816D-271F-4700-AE05-C40EE4A65552}.Debug|Any CPU.ActiveCfg = Debug|Any CPU
		{D194816D-271F-4700-AE05-C40EE4A65552}.Debug|Any CPU.Build.0 = Debug|Any CPU
		{D194816D-271F-4700-AE05-C40EE4A65552}.Release|Any CPU.ActiveCfg = Release|Any CPU
		{D194816D-271F-4700-AE05-C40EE4A65552}.Release|Any CPU.Build.0 = Release|Any CPU
		{0F68E970-DFEE-40B5-9DAC-44661B40D0A4}.Debug|Any CPU.ActiveCfg = Debug|Any CPU
		{0F68E970-DFEE-40B5-9DAC-44661B40D0A4}.Debug|Any CPU.Build.0 = Debug|Any CPU
		{0F68E970-DFEE-40B5-9DAC-44661B40D0A4}.Release|Any CPU.ActiveCfg = Release|Any CPU
		{0F68E970-DFEE-40B5-9DAC-44661B40D0A4}.Release|Any CPU.Build.0 = Release|Any CPU
		{A5A0421F-37D4-451A-A91F-56B3B57080AC}.Debug|Any CPU.ActiveCfg = Debug|Any CPU
		{A5A0421F-37D4-451A-A91F-56B3B57080AC}.Debug|Any CPU.Build.0 = Debug|Any CPU
		{A5A0421F-37D4-451A-A91F-56B3B57080AC}.Release|Any CPU.ActiveCfg = Release|Any CPU
		{A5A0421F-37D4-451A-A91F-56B3B57080AC}.Release|Any CPU.Build.0 = Release|Any CPU
	EndGlobalSection
	GlobalSection(SolutionProperties) = preSolution
		HideSolutionNode = FALSE
	EndGlobalSection
	GlobalSection(NestedProjects) = preSolution
		{DBE15BED-DB54-41FC-AE37-8548F0B80F8A} = {E6900236-6C49-4FCA-86CF-8AFDA532355F}
		{2E3A02BA-F5BD-477D-AE25-E641D2E8BAFC} = {E6900236-6C49-4FCA-86CF-8AFDA532355F}
		{38C4A926-1846-4DF7-957E-6A163E549350} = {E6900236-6C49-4FCA-86CF-8AFDA532355F}
		{CAFD1C12-7D17-4C21-B126-09B7F029FCAA} = {E6900236-6C49-4FCA-86CF-8AFDA532355F}
		{D194816D-271F-4700-AE05-C40EE4A65552} = {E6900236-6C49-4FCA-86CF-8AFDA532355F}
		{0F68E970-DFEE-40B5-9DAC-44661B40D0A4} = {E6900236-6C49-4FCA-86CF-8AFDA532355F}
		{A5A0421F-37D4-451A-A91F-56B3B57080AC} = {E6900236-6C49-4FCA-86CF-8AFDA532355F}
	EndGlobalSection
	GlobalSection(ExtensibilityGlobals) = postSolution
		SolutionGuid = {791705CE-BFCE-4DDB-A5DA-44C4C9061E39}
	EndGlobalSection
EndGlobal
