
Microsoft Visual Studio Solution File, Format Version 12.00
# Visual Studio Version 16
VisualStudioVersion = 16.0.31313.381
MinimumVisualStudioVersion = 10.0.40219.1
Project("{FAE04EC0-301F-11D3-BF4B-00C04F79EFBC}") = "CloudyMobile.API", "src\API\CloudyMobile.API.csproj", "{DBE15BED-DB54-41FC-AE37-8548F0B80F8A}"
EndProject
Project("{FAE04EC0-301F-11D3-BF4B-00C04F79EFBC}") = "CloudyMobile.Blazor", "src\Blazor\CloudyMobile.Blazor.csproj", "{2E3A02BA-F5BD-477D-AE25-E641D2E8BAFC}"
EndProject
Project("{FAE04EC0-301F-11D3-BF4B-00C04F79EFBC}") = "CloudyMobile.Shared", "src\Shared\CloudyMobile.Shared.csproj", "{38C4A926-1846-4DF7-957E-6A163E549350}"
EndProject
Global
	GlobalSection(SolutionConfigurationPlatforms) = preSolution
		Debug|Any CPU = Debug|Any CPU
		Release|Any CPU = Release|Any CPU
	EndGlobalSection
	GlobalSection(ProjectConfigurationPlatforms) = postSolution
		{DBE15BED-DB54-41FC-AE37-8548F0B80F8A}.Debug|Any CPU.ActiveCfg = Debug|Any CPU
		{DBE15BED-DB54-41FC-AE37-8548F0B80F8A}.Debug|Any CPU.Build.0 = Debug|Any CPU
		{DBE15BED-DB54-41FC-AE37-8548F0B80F8A}.Release|Any CPU.ActiveCfg = Release|Any CPU
		{DBE15BED-DB54-41FC-AE37-8548F0B80F8A}.Release|Any CPU.Build.0 = Release|Any CPU
		{2E3A02BA-F5BD-477D-AE25-E641D2E8BAFC}.Debug|Any CPU.ActiveCfg = Debug|Any CPU
		{2E3A02BA-F5BD-477D-AE25-E641D2E8BAFC}.Debug|Any CPU.Build.0 = Debug|Any CPU
		{2E3A02BA-F5BD-477D-AE25-E641D2E8BAFC}.Release|Any CPU.ActiveCfg = Release|Any CPU
		{2E3A02BA-F5BD-477D-AE25-E641D2E8BAFC}.Release|Any CPU.Build.0 = Release|Any CPU
		{38C4A926-1846-4DF7-957E-6A163E549350}.Debug|Any CPU.ActiveCfg = Debug|Any CPU
		{38C4A926-1846-4DF7-957E-6A163E549350}.Debug|Any CPU.Build.0 = Debug|Any CPU
		{38C4A926-1846-4DF7-957E-6A163E549350}.Release|Any CPU.ActiveCfg = Release|Any CPU
		{38C4A926-1846-4DF7-957E-6A163E549350}.Release|Any CPU.Build.0 = Release|Any CPU
	EndGlobalSection
	GlobalSection(SolutionProperties) = preSolution
		HideSolutionNode = FALSE
	EndGlobalSection
	GlobalSection(ExtensibilityGlobals) = postSolution
		SolutionGuid = {791705CE-BFCE-4DDB-A5DA-44C4C9061E39}
	EndGlobalSection
EndGlobal
