Microsoft Visual Studio Solution File, Format Version 12.00
# Visual Studio Version 16
VisualStudioVersion = 16.0.31220.234
MinimumVisualStudioVersion = 10.0.40219.1
Project("{9A19103F-16F7-4668-BE54-9A1E7A4F7556}") = "CloudyMobile.Maui", "CloudyMobile.Maui\CloudyMobile.Maui.csproj", "{FEE9FCBC-DA95-4E69-8157-D78278E7A0EE}"
EndProject
Project("{FAE04EC0-301F-11D3-BF4B-00C04F79EFBC}") = "Maui.Plugins.PageResolver", "Maui.Plugins.PageResolver\Maui.Plugins.PageResolver.csproj", "{B6301A36-E58C-4616-BFBB-9A7F8CEC7EBC}"
EndProject
Global
	GlobalSection(SolutionConfigurationPlatforms) = preSolution
		Debug|Any CPU = Debug|Any CPU
		Debug|arm64 = Debug|arm64
		Debug|x64 = Debug|x64
		Debug|x86 = Debug|x86
		Release|Any CPU = Release|Any CPU
		Release|arm64 = Release|arm64
		Release|x64 = Release|x64
		Release|x86 = Release|x86
	EndGlobalSection
	GlobalSection(ProjectConfigurationPlatforms) = postSolution
		{FEE9FCBC-DA95-4E69-8157-D78278E7A0EE}.Debug|Any CPU.ActiveCfg = Debug|Any CPU
		{FEE9FCBC-DA95-4E69-8157-D78278E7A0EE}.Debug|Any CPU.Build.0 = Debug|Any CPU
		{FEE9FCBC-DA95-4E69-8157-D78278E7A0EE}.Debug|Any CPU.Deploy.0 = Debug|Any CPU
		{FEE9FCBC-DA95-4E69-8157-D78278E7A0EE}.Debug|arm64.ActiveCfg = Debug|Any CPU
		{FEE9FCBC-DA95-4E69-8157-D78278E7A0EE}.Debug|arm64.Build.0 = Debug|Any CPU
		{FEE9FCBC-DA95-4E69-8157-D78278E7A0EE}.Debug|arm64.Deploy.0 = Debug|Any CPU
		{FEE9FCBC-DA95-4E69-8157-D78278E7A0EE}.Debug|x64.ActiveCfg = Debug|Any CPU
		{FEE9FCBC-DA95-4E69-8157-D78278E7A0EE}.Debug|x64.Build.0 = Debug|Any CPU
		{FEE9FCBC-DA95-4E69-8157-D78278E7A0EE}.Debug|x64.Deploy.0 = Debug|Any CPU
		{FEE9FCBC-DA95-4E69-8157-D78278E7A0EE}.Debug|x86.ActiveCfg = Debug|Any CPU
		{FEE9FCBC-DA95-4E69-8157-D78278E7A0EE}.Debug|x86.Build.0 = Debug|Any CPU
		{FEE9FCBC-DA95-4E69-8157-D78278E7A0EE}.Debug|x86.Deploy.0 = Debug|Any CPU
		{FEE9FCBC-DA95-4E69-8157-D78278E7A0EE}.Release|Any CPU.ActiveCfg = Release|Any CPU
		{FEE9FCBC-DA95-4E69-8157-D78278E7A0EE}.Release|Any CPU.Build.0 = Release|Any CPU
		{FEE9FCBC-DA95-4E69-8157-D78278E7A0EE}.Release|Any CPU.Deploy.0 = Release|Any CPU
		{FEE9FCBC-DA95-4E69-8157-D78278E7A0EE}.Release|arm64.ActiveCfg = Release|Any CPU
		{FEE9FCBC-DA95-4E69-8157-D78278E7A0EE}.Release|arm64.Build.0 = Release|Any CPU
		{FEE9FCBC-DA95-4E69-8157-D78278E7A0EE}.Release|arm64.Deploy.0 = Release|Any CPU
		{FEE9FCBC-DA95-4E69-8157-D78278E7A0EE}.Release|x64.ActiveCfg = Release|Any CPU
		{FEE9FCBC-DA95-4E69-8157-D78278E7A0EE}.Release|x64.Build.0 = Release|Any CPU
		{FEE9FCBC-DA95-4E69-8157-D78278E7A0EE}.Release|x64.Deploy.0 = Release|Any CPU
		{FEE9FCBC-DA95-4E69-8157-D78278E7A0EE}.Release|x86.ActiveCfg = Release|Any CPU
		{FEE9FCBC-DA95-4E69-8157-D78278E7A0EE}.Release|x86.Build.0 = Release|Any CPU
		{FEE9FCBC-DA95-4E69-8157-D78278E7A0EE}.Release|x86.Deploy.0 = Release|Any CPU
		{B6301A36-E58C-4616-BFBB-9A7F8CEC7EBC}.Debug|Any CPU.ActiveCfg = Debug|Any CPU
		{B6301A36-E58C-4616-BFBB-9A7F8CEC7EBC}.Debug|Any CPU.Build.0 = Debug|Any CPU
		{B6301A36-E58C-4616-BFBB-9A7F8CEC7EBC}.Debug|arm64.ActiveCfg = Debug|Any CPU
		{B6301A36-E58C-4616-BFBB-9A7F8CEC7EBC}.Debug|arm64.Build.0 = Debug|Any CPU
		{B6301A36-E58C-4616-BFBB-9A7F8CEC7EBC}.Debug|x64.ActiveCfg = Debug|Any CPU
		{B6301A36-E58C-4616-BFBB-9A7F8CEC7EBC}.Debug|x64.Build.0 = Debug|Any CPU
		{B6301A36-E58C-4616-BFBB-9A7F8CEC7EBC}.Debug|x86.ActiveCfg = Debug|Any CPU
		{B6301A36-E58C-4616-BFBB-9A7F8CEC7EBC}.Debug|x86.Build.0 = Debug|Any CPU
		{B6301A36-E58C-4616-BFBB-9A7F8CEC7EBC}.Release|Any CPU.ActiveCfg = Release|Any CPU
		{B6301A36-E58C-4616-BFBB-9A7F8CEC7EBC}.Release|Any CPU.Build.0 = Release|Any CPU
		{B6301A36-E58C-4616-BFBB-9A7F8CEC7EBC}.Release|arm64.ActiveCfg = Release|Any CPU
		{B6301A36-E58C-4616-BFBB-9A7F8CEC7EBC}.Release|arm64.Build.0 = Release|Any CPU
		{B6301A36-E58C-4616-BFBB-9A7F8CEC7EBC}.Release|x64.ActiveCfg = Release|Any CPU
		{B6301A36-E58C-4616-BFBB-9A7F8CEC7EBC}.Release|x64.Build.0 = Release|Any CPU
		{B6301A36-E58C-4616-BFBB-9A7F8CEC7EBC}.Release|x86.ActiveCfg = Release|Any CPU
		{B6301A36-E58C-4616-BFBB-9A7F8CEC7EBC}.Release|x86.Build.0 = Release|Any CPU
	EndGlobalSection
	GlobalSection(SolutionProperties) = preSolution
		HideSolutionNode = FALSE
	EndGlobalSection
	GlobalSection(ExtensibilityGlobals) = postSolution
		SolutionGuid = {61F7FB11-1E47-470C-91E2-47F8143E1572}
	EndGlobalSection
EndGlobal
