
Microsoft Visual Studio Solution File, Format Version 12.00
# Visual Studio Version 17
VisualStudioVersion = 17.0.31611.283
MinimumVisualStudioVersion = 10.0.40219.1
Project("{9A19103F-16F7-4668-BE54-9A1E7A4F7556}") = "DevHops.Maui", "DevHops.Maui\DevHops.Maui.csproj", "{568AA9A3-804C-4AB6-A86B-88979928A573}"
EndProject
Global
	GlobalSection(SolutionConfigurationPlatforms) = preSolution
		Debug|Any CPU = Debug|Any CPU
		Release|Any CPU = Release|Any CPU
	EndGlobalSection
	GlobalSection(ProjectConfigurationPlatforms) = postSolution
		{568AA9A3-804C-4AB6-A86B-88979928A573}.Debug|Any CPU.ActiveCfg = Debug|Any CPU
		{568AA9A3-804C-4AB6-A86B-88979928A573}.Debug|Any CPU.Build.0 = Debug|Any CPU
		{568AA9A3-804C-4AB6-A86B-88979928A573}.Debug|Any CPU.Deploy.0 = Debug|Any CPU
		{568AA9A3-804C-4AB6-A86B-88979928A573}.Release|Any CPU.ActiveCfg = Release|Any CPU
		{568AA9A3-804C-4AB6-A86B-88979928A573}.Release|Any CPU.Build.0 = Release|Any CPU
		{568AA9A3-804C-4AB6-A86B-88979928A573}.Release|Any CPU.Deploy.0 = Release|Any CPU
	EndGlobalSection
	GlobalSection(SolutionProperties) = preSolution
		HideSolutionNode = FALSE
	EndGlobalSection
	GlobalSection(ExtensibilityGlobals) = postSolution
		SolutionGuid = {61F7FB11-1E47-470C-91E2-47F8143E1572}
	EndGlobalSection
EndGlobal
